
Microsoft Visual Studio Solution File, Format Version 12.00
# Visual Studio Version 16
VisualStudioVersion = 16.0.31410.357
MinimumVisualStudioVersion = 10.0.40219.1
Project("{FAE04EC0-301F-11D3-BF4B-00C04F79EFBC}") = "01. Flower Wreaths", "01. Flower Wreaths\01. Flower Wreaths.csproj", "{79A10CED-B6D2-40ED-8369-A7D441D6D02A}"
EndProject
Global
	GlobalSection(SolutionConfigurationPlatforms) = preSolution
		Debug|Any CPU = Debug|Any CPU
		Release|Any CPU = Release|Any CPU
	EndGlobalSection
	GlobalSection(ProjectConfigurationPlatforms) = postSolution
		{79A10CED-B6D2-40ED-8369-A7D441D6D02A}.Debug|Any CPU.ActiveCfg = Debug|Any CPU
		{79A10CED-B6D2-40ED-8369-A7D441D6D02A}.Debug|Any CPU.Build.0 = Debug|Any CPU
		{79A10CED-B6D2-40ED-8369-A7D441D6D02A}.Release|Any CPU.ActiveCfg = Release|Any CPU
		{79A10CED-B6D2-40ED-8369-A7D441D6D02A}.Release|Any CPU.Build.0 = Release|Any CPU
	EndGlobalSection
	GlobalSection(SolutionProperties) = preSolution
		HideSolutionNode = FALSE
	EndGlobalSection
	GlobalSection(ExtensibilityGlobals) = postSolution
		SolutionGuid = {FEC29DF1-6CE4-484C-B730-E7686CECA660}
	EndGlobalSection
EndGlobal
