
Microsoft Visual Studio Solution File, Format Version 12.00
# Visual Studio Version 16
VisualStudioVersion = 16.0.31410.357
MinimumVisualStudioVersion = 10.0.40219.1
Project("{FAE04EC0-301F-11D3-BF4B-00C04F79EFBC}") = "01. Bonus Scoring System", "01. National Court\01. Bonus Scoring System.csproj", "{1465B656-5C98-405F-AEB6-37C03DBDAA05}"
EndProject
Project("{FAE04EC0-301F-11D3-BF4B-00C04F79EFBC}") = "02. MuOnline", "02. MuOnline\02. MuOnline.csproj", "{DFCF01A1-E110-4A76-BB31-BC847CBB24D5}"
EndProject
Project("{FAE04EC0-301F-11D3-BF4B-00C04F79EFBC}") = "03. Inventory", "03. Inventory\03. Inventory.csproj", "{10DFB221-09D3-443C-82CD-172D90B0722B}"
EndProject
Global
	GlobalSection(SolutionConfigurationPlatforms) = preSolution
		Debug|Any CPU = Debug|Any CPU
		Release|Any CPU = Release|Any CPU
	EndGlobalSection
	GlobalSection(ProjectConfigurationPlatforms) = postSolution
		{1465B656-5C98-405F-AEB6-37C03DBDAA05}.Debug|Any CPU.ActiveCfg = Debug|Any CPU
		{1465B656-5C98-405F-AEB6-37C03DBDAA05}.Debug|Any CPU.Build.0 = Debug|Any CPU
		{1465B656-5C98-405F-AEB6-37C03DBDAA05}.Release|Any CPU.ActiveCfg = Release|Any CPU
		{1465B656-5C98-405F-AEB6-37C03DBDAA05}.Release|Any CPU.Build.0 = Release|Any CPU
		{DFCF01A1-E110-4A76-BB31-BC847CBB24D5}.Debug|Any CPU.ActiveCfg = Debug|Any CPU
		{DFCF01A1-E110-4A76-BB31-BC847CBB24D5}.Debug|Any CPU.Build.0 = Debug|Any CPU
		{DFCF01A1-E110-4A76-BB31-BC847CBB24D5}.Release|Any CPU.ActiveCfg = Release|Any CPU
		{DFCF01A1-E110-4A76-BB31-BC847CBB24D5}.Release|Any CPU.Build.0 = Release|Any CPU
		{10DFB221-09D3-443C-82CD-172D90B0722B}.Debug|Any CPU.ActiveCfg = Debug|Any CPU
		{10DFB221-09D3-443C-82CD-172D90B0722B}.Debug|Any CPU.Build.0 = Debug|Any CPU
		{10DFB221-09D3-443C-82CD-172D90B0722B}.Release|Any CPU.ActiveCfg = Release|Any CPU
		{10DFB221-09D3-443C-82CD-172D90B0722B}.Release|Any CPU.Build.0 = Release|Any CPU
	EndGlobalSection
	GlobalSection(SolutionProperties) = preSolution
		HideSolutionNode = FALSE
	EndGlobalSection
	GlobalSection(ExtensibilityGlobals) = postSolution
		SolutionGuid = {234BB5A7-834B-40F7-9EE4-68D3DE3571C8}
	EndGlobalSection
EndGlobal
