
Microsoft Visual Studio Solution File, Format Version 12.00
# Visual Studio Version 17
VisualStudioVersion = 17.6.33829.357
MinimumVisualStudioVersion = 10.0.40219.1
Project("{FAE04EC0-301F-11D3-BF4B-00C04F79EFBC}") = "01. Trains Part Two", "01. Trains Part Two\01. Trains Part Two.csproj", "{83B6511F-91B4-4225-A924-51D063C05B18}"
EndProject
Project("{FAE04EC0-301F-11D3-BF4B-00C04F79EFBC}") = "02. Creep", "02. Creep\02. Creep.csproj", "{93793A7A-37DC-4B15-9EC6-29E7E852DCB4}"
EndProject
Project("{FAE04EC0-301F-11D3-BF4B-00C04F79EFBC}") = "03. Code", "03. Code\03. Code.csproj", "{46880359-1EBD-4E05-A46B-D42BFFBE0A06}"
EndProject
Global
	GlobalSection(SolutionConfigurationPlatforms) = preSolution
		Debug|Any CPU = Debug|Any CPU
		Release|Any CPU = Release|Any CPU
	EndGlobalSection
	GlobalSection(ProjectConfigurationPlatforms) = postSolution
		{83B6511F-91B4-4225-A924-51D063C05B18}.Debug|Any CPU.ActiveCfg = Debug|Any CPU
		{83B6511F-91B4-4225-A924-51D063C05B18}.Debug|Any CPU.Build.0 = Debug|Any CPU
		{83B6511F-91B4-4225-A924-51D063C05B18}.Release|Any CPU.ActiveCfg = Release|Any CPU
		{83B6511F-91B4-4225-A924-51D063C05B18}.Release|Any CPU.Build.0 = Release|Any CPU
		{93793A7A-37DC-4B15-9EC6-29E7E852DCB4}.Debug|Any CPU.ActiveCfg = Debug|Any CPU
		{93793A7A-37DC-4B15-9EC6-29E7E852DCB4}.Debug|Any CPU.Build.0 = Debug|Any CPU
		{93793A7A-37DC-4B15-9EC6-29E7E852DCB4}.Release|Any CPU.ActiveCfg = Release|Any CPU
		{93793A7A-37DC-4B15-9EC6-29E7E852DCB4}.Release|Any CPU.Build.0 = Release|Any CPU
		{46880359-1EBD-4E05-A46B-D42BFFBE0A06}.Debug|Any CPU.ActiveCfg = Debug|Any CPU
		{46880359-1EBD-4E05-A46B-D42BFFBE0A06}.Debug|Any CPU.Build.0 = Debug|Any CPU
		{46880359-1EBD-4E05-A46B-D42BFFBE0A06}.Release|Any CPU.ActiveCfg = Release|Any CPU
		{46880359-1EBD-4E05-A46B-D42BFFBE0A06}.Release|Any CPU.Build.0 = Release|Any CPU
	EndGlobalSection
	GlobalSection(SolutionProperties) = preSolution
		HideSolutionNode = FALSE
	EndGlobalSection
	GlobalSection(ExtensibilityGlobals) = postSolution
		SolutionGuid = {EAC06E5D-733F-449A-A4CD-A5EA4194C033}
	EndGlobalSection
EndGlobal
