
Microsoft Visual Studio Solution File, Format Version 12.00
# Visual Studio Version 17
VisualStudioVersion = 17.6.33829.357
MinimumVisualStudioVersion = 10.0.40219.1
Project("{FAE04EC0-301F-11D3-BF4B-00C04F79EFBC}") = "01.", "01\01..csproj", "{90A0B6D9-A79B-40E7-AB47-7DEF5A6E037E}"
EndProject
Global
	GlobalSection(SolutionConfigurationPlatforms) = preSolution
		Debug|Any CPU = Debug|Any CPU
		Release|Any CPU = Release|Any CPU
	EndGlobalSection
	GlobalSection(ProjectConfigurationPlatforms) = postSolution
		{90A0B6D9-A79B-40E7-AB47-7DEF5A6E037E}.Debug|Any CPU.ActiveCfg = Debug|Any CPU
		{90A0B6D9-A79B-40E7-AB47-7DEF5A6E037E}.Debug|Any CPU.Build.0 = Debug|Any CPU
		{90A0B6D9-A79B-40E7-AB47-7DEF5A6E037E}.Release|Any CPU.ActiveCfg = Release|Any CPU
		{90A0B6D9-A79B-40E7-AB47-7DEF5A6E037E}.Release|Any CPU.Build.0 = Release|Any CPU
	EndGlobalSection
	GlobalSection(SolutionProperties) = preSolution
		HideSolutionNode = FALSE
	EndGlobalSection
	GlobalSection(ExtensibilityGlobals) = postSolution
		SolutionGuid = {7ADF8CEB-CAE8-4FB7-A2BC-887BB8812546}
	EndGlobalSection
EndGlobal
