
Microsoft Visual Studio Solution File, Format Version 12.00
# Visual Studio Version 17
VisualStudioVersion = 17.6.33829.357
MinimumVisualStudioVersion = 10.0.40219.1
Project("{9A19103F-16F7-4668-BE54-9A1E7A4F7556}") = "01.", "01\01..csproj", "{90A0B6D9-A79B-40E7-AB47-7DEF5A6E037E}"
EndProject
Project("{9A19103F-16F7-4668-BE54-9A1E7A4F7556}") = "02.", "02\02..csproj", "{118261EF-AB12-4B10-BD60-F5759CB34251}"
EndProject
Project("{FAE04EC0-301F-11D3-BF4B-00C04F79EFBC}") = "03.", "03\03..csproj", "{CD3E8B96-646F-49C6-938F-294B9414C793}"
EndProject
Global
	GlobalSection(SolutionConfigurationPlatforms) = preSolution
		Debug|Any CPU = Debug|Any CPU
		Release|Any CPU = Release|Any CPU
	EndGlobalSection
	GlobalSection(ProjectConfigurationPlatforms) = postSolution
		{90A0B6D9-A79B-40E7-AB47-7DEF5A6E037E}.Debug|Any CPU.ActiveCfg = Debug|Any CPU
		{90A0B6D9-A79B-40E7-AB47-7DEF5A6E037E}.Debug|Any CPU.Build.0 = Debug|Any CPU
		{90A0B6D9-A79B-40E7-AB47-7DEF5A6E037E}.Release|Any CPU.ActiveCfg = Release|Any CPU
		{90A0B6D9-A79B-40E7-AB47-7DEF5A6E037E}.Release|Any CPU.Build.0 = Release|Any CPU
		{118261EF-AB12-4B10-BD60-F5759CB34251}.Debug|Any CPU.ActiveCfg = Debug|Any CPU
		{118261EF-AB12-4B10-BD60-F5759CB34251}.Debug|Any CPU.Build.0 = Debug|Any CPU
		{118261EF-AB12-4B10-BD60-F5759CB34251}.Release|Any CPU.ActiveCfg = Release|Any CPU
		{118261EF-AB12-4B10-BD60-F5759CB34251}.Release|Any CPU.Build.0 = Release|Any CPU
		{CD3E8B96-646F-49C6-938F-294B9414C793}.Debug|Any CPU.ActiveCfg = Debug|Any CPU
		{CD3E8B96-646F-49C6-938F-294B9414C793}.Debug|Any CPU.Build.0 = Debug|Any CPU
		{CD3E8B96-646F-49C6-938F-294B9414C793}.Release|Any CPU.ActiveCfg = Release|Any CPU
		{CD3E8B96-646F-49C6-938F-294B9414C793}.Release|Any CPU.Build.0 = Release|Any CPU
	EndGlobalSection
	GlobalSection(SolutionProperties) = preSolution
		HideSolutionNode = FALSE
	EndGlobalSection
	GlobalSection(ExtensibilityGlobals) = postSolution
		SolutionGuid = {7ADF8CEB-CAE8-4FB7-A2BC-887BB8812546}
	EndGlobalSection
EndGlobal
