
Microsoft Visual Studio Solution File, Format Version 12.00
# Visual Studio Version 17
VisualStudioVersion = 17.3.32825.248
MinimumVisualStudioVersion = 10.0.40219.1
Project("{FAE04EC0-301F-11D3-BF4B-00C04F79EFBC}") = "01. TBC", "01. TBC\01. TBC.csproj", "{9CBC9C77-4C9F-46A5-BB68-14C52B7D8040}"
EndProject
Project("{FAE04EC0-301F-11D3-BF4B-00C04F79EFBC}") = "02. Socks", "02. Socks\02. Socks.csproj", "{39F80A78-4893-4BAD-865A-847BCE0B694F}"
EndProject
Project("{FAE04EC0-301F-11D3-BF4B-00C04F79EFBC}") = "03. Path Finder", "03. Path Finder\03. Path Finder.csproj", "{2413D5C1-29E5-47BF-A1DB-B236A2E851D7}"
EndProject
Global
	GlobalSection(SolutionConfigurationPlatforms) = preSolution
		Debug|Any CPU = Debug|Any CPU
		Release|Any CPU = Release|Any CPU
	EndGlobalSection
	GlobalSection(ProjectConfigurationPlatforms) = postSolution
		{9CBC9C77-4C9F-46A5-BB68-14C52B7D8040}.Debug|Any CPU.ActiveCfg = Debug|Any CPU
		{9CBC9C77-4C9F-46A5-BB68-14C52B7D8040}.Debug|Any CPU.Build.0 = Debug|Any CPU
		{9CBC9C77-4C9F-46A5-BB68-14C52B7D8040}.Release|Any CPU.ActiveCfg = Release|Any CPU
		{9CBC9C77-4C9F-46A5-BB68-14C52B7D8040}.Release|Any CPU.Build.0 = Release|Any CPU
		{39F80A78-4893-4BAD-865A-847BCE0B694F}.Debug|Any CPU.ActiveCfg = Debug|Any CPU
		{39F80A78-4893-4BAD-865A-847BCE0B694F}.Debug|Any CPU.Build.0 = Debug|Any CPU
		{39F80A78-4893-4BAD-865A-847BCE0B694F}.Release|Any CPU.ActiveCfg = Release|Any CPU
		{39F80A78-4893-4BAD-865A-847BCE0B694F}.Release|Any CPU.Build.0 = Release|Any CPU
		{2413D5C1-29E5-47BF-A1DB-B236A2E851D7}.Debug|Any CPU.ActiveCfg = Debug|Any CPU
		{2413D5C1-29E5-47BF-A1DB-B236A2E851D7}.Debug|Any CPU.Build.0 = Debug|Any CPU
		{2413D5C1-29E5-47BF-A1DB-B236A2E851D7}.Release|Any CPU.ActiveCfg = Release|Any CPU
		{2413D5C1-29E5-47BF-A1DB-B236A2E851D7}.Release|Any CPU.Build.0 = Release|Any CPU
	EndGlobalSection
	GlobalSection(SolutionProperties) = preSolution
		HideSolutionNode = FALSE
	EndGlobalSection
	GlobalSection(ExtensibilityGlobals) = postSolution
		SolutionGuid = {D17E6EFE-01A8-45F0-85E0-72888E826BC0}
	EndGlobalSection
EndGlobal
