
Microsoft Visual Studio Solution File, Format Version 12.00
# Visual Studio Version 16
VisualStudioVersion = 16.0.31410.357
MinimumVisualStudioVersion = 10.0.40219.1
Project("{FAE04EC0-301F-11D3-BF4B-00C04F79EFBC}") = "01. SoftUni Reception", "01. SoftUni Reception\01. SoftUni Reception.csproj", "{98BDD812-FDB7-4690-85C4-0CF438EB0CD3}"
EndProject
Project("{FAE04EC0-301F-11D3-BF4B-00C04F79EFBC}") = "02. Array Modifier", "02. Array Modifier\02. Array Modifier.csproj", "{CA8A9415-0BF2-4291-BB15-B7FDAF038FDE}"
EndProject
Project("{FAE04EC0-301F-11D3-BF4B-00C04F79EFBC}") = "03. Numbers", "03. Numbers\03. Numbers.csproj", "{D0B287EE-2BC3-4CDA-A91E-B27E91E8ADCA}"
EndProject
Global
	GlobalSection(SolutionConfigurationPlatforms) = preSolution
		Debug|Any CPU = Debug|Any CPU
		Release|Any CPU = Release|Any CPU
	EndGlobalSection
	GlobalSection(ProjectConfigurationPlatforms) = postSolution
		{98BDD812-FDB7-4690-85C4-0CF438EB0CD3}.Debug|Any CPU.ActiveCfg = Debug|Any CPU
		{98BDD812-FDB7-4690-85C4-0CF438EB0CD3}.Debug|Any CPU.Build.0 = Debug|Any CPU
		{98BDD812-FDB7-4690-85C4-0CF438EB0CD3}.Release|Any CPU.ActiveCfg = Release|Any CPU
		{98BDD812-FDB7-4690-85C4-0CF438EB0CD3}.Release|Any CPU.Build.0 = Release|Any CPU
		{CA8A9415-0BF2-4291-BB15-B7FDAF038FDE}.Debug|Any CPU.ActiveCfg = Debug|Any CPU
		{CA8A9415-0BF2-4291-BB15-B7FDAF038FDE}.Debug|Any CPU.Build.0 = Debug|Any CPU
		{CA8A9415-0BF2-4291-BB15-B7FDAF038FDE}.Release|Any CPU.ActiveCfg = Release|Any CPU
		{CA8A9415-0BF2-4291-BB15-B7FDAF038FDE}.Release|Any CPU.Build.0 = Release|Any CPU
		{D0B287EE-2BC3-4CDA-A91E-B27E91E8ADCA}.Debug|Any CPU.ActiveCfg = Debug|Any CPU
		{D0B287EE-2BC3-4CDA-A91E-B27E91E8ADCA}.Debug|Any CPU.Build.0 = Debug|Any CPU
		{D0B287EE-2BC3-4CDA-A91E-B27E91E8ADCA}.Release|Any CPU.ActiveCfg = Release|Any CPU
		{D0B287EE-2BC3-4CDA-A91E-B27E91E8ADCA}.Release|Any CPU.Build.0 = Release|Any CPU
	EndGlobalSection
	GlobalSection(SolutionProperties) = preSolution
		HideSolutionNode = FALSE
	EndGlobalSection
	GlobalSection(ExtensibilityGlobals) = postSolution
		SolutionGuid = {CF0DD869-EA9A-4B3D-AA22-E8B507043E84}
	EndGlobalSection
EndGlobal
