
Microsoft Visual Studio Solution File, Format Version 12.00
# Visual Studio Version 17
VisualStudioVersion = 17.3.32825.248
MinimumVisualStudioVersion = 10.0.40219.1
Project("{FAE04EC0-301F-11D3-BF4B-00C04F79EFBC}") = "01. Recursive Array Sum", "01. Recursive Array Sum\01. Recursive Array Sum.csproj", "{CD4900C4-941C-4006-BF40-BBE6212F047C}"
EndProject
Project("{FAE04EC0-301F-11D3-BF4B-00C04F79EFBC}") = "02. Recursive Drawing", "02. Recursive Drawing\02. Recursive Drawing.csproj", "{7587DAF2-9AAB-466C-BC65-6B18F9CE9F72}"
EndProject
Project("{FAE04EC0-301F-11D3-BF4B-00C04F79EFBC}") = "03. Generating Vectors", "03. Generating Vectors\03. Generating Vectors.csproj", "{7BFA9761-0333-49D7-A16B-0C41116BAB31}"
EndProject
Project("{FAE04EC0-301F-11D3-BF4B-00C04F79EFBC}") = "04. Recursive Factorial", "04. Recursive Factorial\04. Recursive Factorial.csproj", "{482922B5-A3E4-4C5C-92B5-70FABE6249BC}"
EndProject
Global
	GlobalSection(SolutionConfigurationPlatforms) = preSolution
		Debug|Any CPU = Debug|Any CPU
		Release|Any CPU = Release|Any CPU
	EndGlobalSection
	GlobalSection(ProjectConfigurationPlatforms) = postSolution
		{CD4900C4-941C-4006-BF40-BBE6212F047C}.Debug|Any CPU.ActiveCfg = Debug|Any CPU
		{CD4900C4-941C-4006-BF40-BBE6212F047C}.Debug|Any CPU.Build.0 = Debug|Any CPU
		{CD4900C4-941C-4006-BF40-BBE6212F047C}.Release|Any CPU.ActiveCfg = Release|Any CPU
		{CD4900C4-941C-4006-BF40-BBE6212F047C}.Release|Any CPU.Build.0 = Release|Any CPU
		{7587DAF2-9AAB-466C-BC65-6B18F9CE9F72}.Debug|Any CPU.ActiveCfg = Debug|Any CPU
		{7587DAF2-9AAB-466C-BC65-6B18F9CE9F72}.Debug|Any CPU.Build.0 = Debug|Any CPU
		{7587DAF2-9AAB-466C-BC65-6B18F9CE9F72}.Release|Any CPU.ActiveCfg = Release|Any CPU
		{7587DAF2-9AAB-466C-BC65-6B18F9CE9F72}.Release|Any CPU.Build.0 = Release|Any CPU
		{7BFA9761-0333-49D7-A16B-0C41116BAB31}.Debug|Any CPU.ActiveCfg = Debug|Any CPU
		{7BFA9761-0333-49D7-A16B-0C41116BAB31}.Debug|Any CPU.Build.0 = Debug|Any CPU
		{7BFA9761-0333-49D7-A16B-0C41116BAB31}.Release|Any CPU.ActiveCfg = Release|Any CPU
		{7BFA9761-0333-49D7-A16B-0C41116BAB31}.Release|Any CPU.Build.0 = Release|Any CPU
		{482922B5-A3E4-4C5C-92B5-70FABE6249BC}.Debug|Any CPU.ActiveCfg = Debug|Any CPU
		{482922B5-A3E4-4C5C-92B5-70FABE6249BC}.Debug|Any CPU.Build.0 = Debug|Any CPU
		{482922B5-A3E4-4C5C-92B5-70FABE6249BC}.Release|Any CPU.ActiveCfg = Release|Any CPU
		{482922B5-A3E4-4C5C-92B5-70FABE6249BC}.Release|Any CPU.Build.0 = Release|Any CPU
	EndGlobalSection
	GlobalSection(SolutionProperties) = preSolution
		HideSolutionNode = FALSE
	EndGlobalSection
	GlobalSection(ExtensibilityGlobals) = postSolution
		SolutionGuid = {8F20EF4E-43DF-4963-9AD8-C97BA891A127}
	EndGlobalSection
EndGlobal
