
Microsoft Visual Studio Solution File, Format Version 12.00
# Visual Studio Version 16
VisualStudioVersion = 16.0.31410.357
MinimumVisualStudioVersion = 10.0.40219.1
Project("{FAE04EC0-301F-11D3-BF4B-00C04F79EFBC}") = "01. Advertisement Message", "01. Advertisement Message\01. Advertisement Message.csproj", "{C8EB2822-5C54-4515-9A35-D8F4D096C80B}"
EndProject
Project("{FAE04EC0-301F-11D3-BF4B-00C04F79EFBC}") = "02. Articles", "02. Articles\02. Articles.csproj", "{0551039A-E4B9-47BE-BC36-FEEA292CCCA9}"
EndProject
Global
	GlobalSection(SolutionConfigurationPlatforms) = preSolution
		Debug|Any CPU = Debug|Any CPU
		Release|Any CPU = Release|Any CPU
	EndGlobalSection
	GlobalSection(ProjectConfigurationPlatforms) = postSolution
		{C8EB2822-5C54-4515-9A35-D8F4D096C80B}.Debug|Any CPU.ActiveCfg = Debug|Any CPU
		{C8EB2822-5C54-4515-9A35-D8F4D096C80B}.Debug|Any CPU.Build.0 = Debug|Any CPU
		{C8EB2822-5C54-4515-9A35-D8F4D096C80B}.Release|Any CPU.ActiveCfg = Release|Any CPU
		{C8EB2822-5C54-4515-9A35-D8F4D096C80B}.Release|Any CPU.Build.0 = Release|Any CPU
		{0551039A-E4B9-47BE-BC36-FEEA292CCCA9}.Debug|Any CPU.ActiveCfg = Debug|Any CPU
		{0551039A-E4B9-47BE-BC36-FEEA292CCCA9}.Debug|Any CPU.Build.0 = Debug|Any CPU
		{0551039A-E4B9-47BE-BC36-FEEA292CCCA9}.Release|Any CPU.ActiveCfg = Release|Any CPU
		{0551039A-E4B9-47BE-BC36-FEEA292CCCA9}.Release|Any CPU.Build.0 = Release|Any CPU
	EndGlobalSection
	GlobalSection(SolutionProperties) = preSolution
		HideSolutionNode = FALSE
	EndGlobalSection
	GlobalSection(ExtensibilityGlobals) = postSolution
		SolutionGuid = {3061CEFB-CA33-468B-B17F-464277370051}
	EndGlobalSection
EndGlobal
