
Microsoft Visual Studio Solution File, Format Version 12.00
# Visual Studio Version 17
VisualStudioVersion = 17.6.33829.357
MinimumVisualStudioVersion = 10.0.40219.1
Project("{FAE04EC0-301F-11D3-BF4B-00C04F79EFBC}") = "01. Cable Merchant", "01. Cable Merchant\01. Cable Merchant.csproj", "{4B0D6938-A8BC-42CC-B1DF-B8DDB12E0607}"
EndProject
Project("{FAE04EC0-301F-11D3-BF4B-00C04F79EFBC}") = "02. Battle Points", "02. Battle Points\02. Battle Points.csproj", "{7BA441A9-1943-4EC0-90C6-A0B1B62580BA}"
EndProject
Project("{FAE04EC0-301F-11D3-BF4B-00C04F79EFBC}") = "03. Longest String Chain", "03. Longest String Chain\03. Longest String Chain.csproj", "{D374683C-8895-43FE-BAE8-05A6EFD532E3}"
EndProject
Project("{FAE04EC0-301F-11D3-BF4B-00C04F79EFBC}") = "04. Longest Zigzag Subsequence", "04. Longest Zigzag Subsequence\04. Longest Zigzag Subsequence.csproj", "{BF97FBBD-E9B6-442E-99CD-400995B23117}"
EndProject
Global
	GlobalSection(SolutionConfigurationPlatforms) = preSolution
		Debug|Any CPU = Debug|Any CPU
		Release|Any CPU = Release|Any CPU
	EndGlobalSection
	GlobalSection(ProjectConfigurationPlatforms) = postSolution
		{4B0D6938-A8BC-42CC-B1DF-B8DDB12E0607}.Debug|Any CPU.ActiveCfg = Debug|Any CPU
		{4B0D6938-A8BC-42CC-B1DF-B8DDB12E0607}.Debug|Any CPU.Build.0 = Debug|Any CPU
		{4B0D6938-A8BC-42CC-B1DF-B8DDB12E0607}.Release|Any CPU.ActiveCfg = Release|Any CPU
		{4B0D6938-A8BC-42CC-B1DF-B8DDB12E0607}.Release|Any CPU.Build.0 = Release|Any CPU
		{7BA441A9-1943-4EC0-90C6-A0B1B62580BA}.Debug|Any CPU.ActiveCfg = Debug|Any CPU
		{7BA441A9-1943-4EC0-90C6-A0B1B62580BA}.Debug|Any CPU.Build.0 = Debug|Any CPU
		{7BA441A9-1943-4EC0-90C6-A0B1B62580BA}.Release|Any CPU.ActiveCfg = Release|Any CPU
		{7BA441A9-1943-4EC0-90C6-A0B1B62580BA}.Release|Any CPU.Build.0 = Release|Any CPU
		{D374683C-8895-43FE-BAE8-05A6EFD532E3}.Debug|Any CPU.ActiveCfg = Debug|Any CPU
		{D374683C-8895-43FE-BAE8-05A6EFD532E3}.Debug|Any CPU.Build.0 = Debug|Any CPU
		{D374683C-8895-43FE-BAE8-05A6EFD532E3}.Release|Any CPU.ActiveCfg = Release|Any CPU
		{D374683C-8895-43FE-BAE8-05A6EFD532E3}.Release|Any CPU.Build.0 = Release|Any CPU
		{BF97FBBD-E9B6-442E-99CD-400995B23117}.Debug|Any CPU.ActiveCfg = Debug|Any CPU
		{BF97FBBD-E9B6-442E-99CD-400995B23117}.Debug|Any CPU.Build.0 = Debug|Any CPU
		{BF97FBBD-E9B6-442E-99CD-400995B23117}.Release|Any CPU.ActiveCfg = Release|Any CPU
		{BF97FBBD-E9B6-442E-99CD-400995B23117}.Release|Any CPU.Build.0 = Release|Any CPU
	EndGlobalSection
	GlobalSection(SolutionProperties) = preSolution
		HideSolutionNode = FALSE
	EndGlobalSection
	GlobalSection(ExtensibilityGlobals) = postSolution
		SolutionGuid = {D208A5EC-D0C5-4EFC-8068-040FBB9EC9F6}
	EndGlobalSection
EndGlobal
