
Microsoft Visual Studio Solution File, Format Version 12.00
# Visual Studio Version 17
VisualStudioVersion = 17.3.32825.248
MinimumVisualStudioVersion = 10.0.40219.1
Project("{FAE04EC0-301F-11D3-BF4B-00C04F79EFBC}") = "1", "1\1.csproj", "{990CD581-8D09-44FF-98D4-053F635F2A1B}"
EndProject
Project("{FAE04EC0-301F-11D3-BF4B-00C04F79EFBC}") = "2", "2\2.csproj", "{9EF8086F-880D-4AF4-A9A3-7B6847451234}"
EndProject
Project("{FAE04EC0-301F-11D3-BF4B-00C04F79EFBC}") = "3", "3\3.csproj", "{B0E19478-A505-4DC9-9008-F0715ED1E0A0}"
EndProject
Project("{FAE04EC0-301F-11D3-BF4B-00C04F79EFBC}") = "4", "4\4.csproj", "{8B451511-4E46-40D1-A8DD-BA796FFBC765}"
EndProject
Global
	GlobalSection(SolutionConfigurationPlatforms) = preSolution
		Debug|Any CPU = Debug|Any CPU
		Release|Any CPU = Release|Any CPU
	EndGlobalSection
	GlobalSection(ProjectConfigurationPlatforms) = postSolution
		{990CD581-8D09-44FF-98D4-053F635F2A1B}.Debug|Any CPU.ActiveCfg = Debug|Any CPU
		{990CD581-8D09-44FF-98D4-053F635F2A1B}.Debug|Any CPU.Build.0 = Debug|Any CPU
		{990CD581-8D09-44FF-98D4-053F635F2A1B}.Release|Any CPU.ActiveCfg = Release|Any CPU
		{990CD581-8D09-44FF-98D4-053F635F2A1B}.Release|Any CPU.Build.0 = Release|Any CPU
		{9EF8086F-880D-4AF4-A9A3-7B6847451234}.Debug|Any CPU.ActiveCfg = Debug|Any CPU
		{9EF8086F-880D-4AF4-A9A3-7B6847451234}.Debug|Any CPU.Build.0 = Debug|Any CPU
		{9EF8086F-880D-4AF4-A9A3-7B6847451234}.Release|Any CPU.ActiveCfg = Release|Any CPU
		{9EF8086F-880D-4AF4-A9A3-7B6847451234}.Release|Any CPU.Build.0 = Release|Any CPU
		{B0E19478-A505-4DC9-9008-F0715ED1E0A0}.Debug|Any CPU.ActiveCfg = Debug|Any CPU
		{B0E19478-A505-4DC9-9008-F0715ED1E0A0}.Debug|Any CPU.Build.0 = Debug|Any CPU
		{B0E19478-A505-4DC9-9008-F0715ED1E0A0}.Release|Any CPU.ActiveCfg = Release|Any CPU
		{B0E19478-A505-4DC9-9008-F0715ED1E0A0}.Release|Any CPU.Build.0 = Release|Any CPU
		{8B451511-4E46-40D1-A8DD-BA796FFBC765}.Debug|Any CPU.ActiveCfg = Debug|Any CPU
		{8B451511-4E46-40D1-A8DD-BA796FFBC765}.Debug|Any CPU.Build.0 = Debug|Any CPU
		{8B451511-4E46-40D1-A8DD-BA796FFBC765}.Release|Any CPU.ActiveCfg = Release|Any CPU
		{8B451511-4E46-40D1-A8DD-BA796FFBC765}.Release|Any CPU.Build.0 = Release|Any CPU
	EndGlobalSection
	GlobalSection(SolutionProperties) = preSolution
		HideSolutionNode = FALSE
	EndGlobalSection
	GlobalSection(ExtensibilityGlobals) = postSolution
		SolutionGuid = {97E3E964-2688-4549-A368-6334BA7A7219}
	EndGlobalSection
EndGlobal
