
Microsoft Visual Studio Solution File, Format Version 12.00
# Visual Studio Version 17
VisualStudioVersion = 17.2.32519.379
MinimumVisualStudioVersion = 10.0.40219.1
Project("{FAE04EC0-301F-11D3-BF4B-00C04F79EFBC}") = "P01_StudentSystem", "P01_StudentSystem.csproj", "{9BFAD7FD-1C63-47F7-BB8D-9B3B85F249B5}"
EndProject
Global
	GlobalSection(SolutionConfigurationPlatforms) = preSolution
		Debug|Any CPU = Debug|Any CPU
		Release|Any CPU = Release|Any CPU
	EndGlobalSection
	GlobalSection(ProjectConfigurationPlatforms) = postSolution
		{9BFAD7FD-1C63-47F7-BB8D-9B3B85F249B5}.Debug|Any CPU.ActiveCfg = Debug|Any CPU
		{9BFAD7FD-1C63-47F7-BB8D-9B3B85F249B5}.Debug|Any CPU.Build.0 = Debug|Any CPU
		{9BFAD7FD-1C63-47F7-BB8D-9B3B85F249B5}.Release|Any CPU.ActiveCfg = Release|Any CPU
		{9BFAD7FD-1C63-47F7-BB8D-9B3B85F249B5}.Release|Any CPU.Build.0 = Release|Any CPU
	EndGlobalSection
	GlobalSection(SolutionProperties) = preSolution
		HideSolutionNode = FALSE
	EndGlobalSection
	GlobalSection(ExtensibilityGlobals) = postSolution
		SolutionGuid = {2BC530B4-896A-4D9A-9D79-0AD64C5C3083}
	EndGlobalSection
EndGlobal
