
Microsoft Visual Studio Solution File, Format Version 12.00
# Visual Studio Version 17
VisualStudioVersion = 17.3.32825.248
MinimumVisualStudioVersion = 10.0.40219.1
Project("{FAE04EC0-301F-11D3-BF4B-00C04F79EFBC}") = "ForumAppCRUDOperations", "ForumAppCRUDOperations\ForumAppCRUDOperations.csproj", "{6732016F-F49A-4D01-BB5A-9ABB01493EC5}"
EndProject
Project("{FAE04EC0-301F-11D3-BF4B-00C04F79EFBC}") = "ForumAppCRUDOperations.Core", "ForumAppCRUDOperations.Core\ForumAppCRUDOperations.Core.csproj", "{4A139D27-C7E3-485D-AA25-E13E987F0610}"
EndProject
Global
	GlobalSection(SolutionConfigurationPlatforms) = preSolution
		Debug|Any CPU = Debug|Any CPU
		Release|Any CPU = Release|Any CPU
	EndGlobalSection
	GlobalSection(ProjectConfigurationPlatforms) = postSolution
		{6732016F-F49A-4D01-BB5A-9ABB01493EC5}.Debug|Any CPU.ActiveCfg = Debug|Any CPU
		{6732016F-F49A-4D01-BB5A-9ABB01493EC5}.Debug|Any CPU.Build.0 = Debug|Any CPU
		{6732016F-F49A-4D01-BB5A-9ABB01493EC5}.Release|Any CPU.ActiveCfg = Release|Any CPU
		{6732016F-F49A-4D01-BB5A-9ABB01493EC5}.Release|Any CPU.Build.0 = Release|Any CPU
		{4A139D27-C7E3-485D-AA25-E13E987F0610}.Debug|Any CPU.ActiveCfg = Debug|Any CPU
		{4A139D27-C7E3-485D-AA25-E13E987F0610}.Debug|Any CPU.Build.0 = Debug|Any CPU
		{4A139D27-C7E3-485D-AA25-E13E987F0610}.Release|Any CPU.ActiveCfg = Release|Any CPU
		{4A139D27-C7E3-485D-AA25-E13E987F0610}.Release|Any CPU.Build.0 = Release|Any CPU
	EndGlobalSection
	GlobalSection(SolutionProperties) = preSolution
		HideSolutionNode = FALSE
	EndGlobalSection
	GlobalSection(ExtensibilityGlobals) = postSolution
		SolutionGuid = {FCDBC467-19AF-4F46-A402-C2CAEC887CD3}
	EndGlobalSection
EndGlobal
