
Microsoft Visual Studio Solution File, Format Version 12.00
# Visual Studio Version 17
VisualStudioVersion = 17.3.32825.248
MinimumVisualStudioVersion = 10.0.40219.1
Project("{9A19103F-16F7-4668-BE54-9A1E7A4F7556}") = "1", "1\1.csproj", "{FEFE8F27-51D0-40CB-A5B5-CC8178534D0D}"
EndProject
Project("{FAE04EC0-301F-11D3-BF4B-00C04F79EFBC}") = "2", "2\2.csproj", "{91683DC9-9036-4107-9D13-33CDE7E4CD68}"
EndProject
Project("{FAE04EC0-301F-11D3-BF4B-00C04F79EFBC}") = "3", "3\3.csproj", "{5229B0AC-196B-46B8-BCBE-EE8A37EAB3FA}"
EndProject
Project("{FAE04EC0-301F-11D3-BF4B-00C04F79EFBC}") = "4", "4\4.csproj", "{0CEA492C-FA39-4CF4-B93B-2F9AB30F561D}"
EndProject
Project("{FAE04EC0-301F-11D3-BF4B-00C04F79EFBC}") = "5", "5\5.csproj", "{47DB6655-59A3-46F2-AA3C-0494421F56B3}"
EndProject
Global
	GlobalSection(SolutionConfigurationPlatforms) = preSolution
		Debug|Any CPU = Debug|Any CPU
		Release|Any CPU = Release|Any CPU
	EndGlobalSection
	GlobalSection(ProjectConfigurationPlatforms) = postSolution
		{FEFE8F27-51D0-40CB-A5B5-CC8178534D0D}.Debug|Any CPU.ActiveCfg = Debug|Any CPU
		{FEFE8F27-51D0-40CB-A5B5-CC8178534D0D}.Debug|Any CPU.Build.0 = Debug|Any CPU
		{FEFE8F27-51D0-40CB-A5B5-CC8178534D0D}.Release|Any CPU.ActiveCfg = Release|Any CPU
		{FEFE8F27-51D0-40CB-A5B5-CC8178534D0D}.Release|Any CPU.Build.0 = Release|Any CPU
		{91683DC9-9036-4107-9D13-33CDE7E4CD68}.Debug|Any CPU.ActiveCfg = Debug|Any CPU
		{91683DC9-9036-4107-9D13-33CDE7E4CD68}.Debug|Any CPU.Build.0 = Debug|Any CPU
		{91683DC9-9036-4107-9D13-33CDE7E4CD68}.Release|Any CPU.ActiveCfg = Release|Any CPU
		{91683DC9-9036-4107-9D13-33CDE7E4CD68}.Release|Any CPU.Build.0 = Release|Any CPU
		{5229B0AC-196B-46B8-BCBE-EE8A37EAB3FA}.Debug|Any CPU.ActiveCfg = Debug|Any CPU
		{5229B0AC-196B-46B8-BCBE-EE8A37EAB3FA}.Debug|Any CPU.Build.0 = Debug|Any CPU
		{5229B0AC-196B-46B8-BCBE-EE8A37EAB3FA}.Release|Any CPU.ActiveCfg = Release|Any CPU
		{5229B0AC-196B-46B8-BCBE-EE8A37EAB3FA}.Release|Any CPU.Build.0 = Release|Any CPU
		{0CEA492C-FA39-4CF4-B93B-2F9AB30F561D}.Debug|Any CPU.ActiveCfg = Debug|Any CPU
		{0CEA492C-FA39-4CF4-B93B-2F9AB30F561D}.Debug|Any CPU.Build.0 = Debug|Any CPU
		{0CEA492C-FA39-4CF4-B93B-2F9AB30F561D}.Release|Any CPU.ActiveCfg = Release|Any CPU
		{0CEA492C-FA39-4CF4-B93B-2F9AB30F561D}.Release|Any CPU.Build.0 = Release|Any CPU
		{47DB6655-59A3-46F2-AA3C-0494421F56B3}.Debug|Any CPU.ActiveCfg = Debug|Any CPU
		{47DB6655-59A3-46F2-AA3C-0494421F56B3}.Debug|Any CPU.Build.0 = Debug|Any CPU
		{47DB6655-59A3-46F2-AA3C-0494421F56B3}.Release|Any CPU.ActiveCfg = Release|Any CPU
		{47DB6655-59A3-46F2-AA3C-0494421F56B3}.Release|Any CPU.Build.0 = Release|Any CPU
	EndGlobalSection
	GlobalSection(SolutionProperties) = preSolution
		HideSolutionNode = FALSE
	EndGlobalSection
	GlobalSection(ExtensibilityGlobals) = postSolution
		SolutionGuid = {9B76E717-EB14-4EC2-B2F8-065F0648B37F}
	EndGlobalSection
EndGlobal
