
Microsoft Visual Studio Solution File, Format Version 12.00
# Visual Studio Version 17
VisualStudioVersion = 17.3.32825.248
MinimumVisualStudioVersion = 10.0.40219.1
Project("{9A19103F-16F7-4668-BE54-9A1E7A4F7556}") = "1", "1\1.csproj", "{E48DF395-97B6-4415-ACCA-5FD01ABE8109}"
EndProject
Project("{9A19103F-16F7-4668-BE54-9A1E7A4F7556}") = "2", "2\2.csproj", "{DEF34624-2A18-4B2D-90EC-AF036EE941A2}"
EndProject
Project("{9A19103F-16F7-4668-BE54-9A1E7A4F7556}") = "3", "3\3.csproj", "{BC055FEE-CB67-4CA6-B0C7-C9A6696502A6}"
EndProject
Project("{9A19103F-16F7-4668-BE54-9A1E7A4F7556}") = "4", "4\4.csproj", "{2901D12C-3B21-4CEE-B3FF-4540CF3C9046}"
EndProject
Project("{FAE04EC0-301F-11D3-BF4B-00C04F79EFBC}") = "5", "5\5.csproj", "{65E8F4DA-EC1B-4F37-A207-57E53B3B2193}"
EndProject
Global
	GlobalSection(SolutionConfigurationPlatforms) = preSolution
		Debug|Any CPU = Debug|Any CPU
		Release|Any CPU = Release|Any CPU
	EndGlobalSection
	GlobalSection(ProjectConfigurationPlatforms) = postSolution
		{E48DF395-97B6-4415-ACCA-5FD01ABE8109}.Debug|Any CPU.ActiveCfg = Debug|Any CPU
		{E48DF395-97B6-4415-ACCA-5FD01ABE8109}.Debug|Any CPU.Build.0 = Debug|Any CPU
		{E48DF395-97B6-4415-ACCA-5FD01ABE8109}.Release|Any CPU.ActiveCfg = Release|Any CPU
		{E48DF395-97B6-4415-ACCA-5FD01ABE8109}.Release|Any CPU.Build.0 = Release|Any CPU
		{DEF34624-2A18-4B2D-90EC-AF036EE941A2}.Debug|Any CPU.ActiveCfg = Debug|Any CPU
		{DEF34624-2A18-4B2D-90EC-AF036EE941A2}.Debug|Any CPU.Build.0 = Debug|Any CPU
		{DEF34624-2A18-4B2D-90EC-AF036EE941A2}.Release|Any CPU.ActiveCfg = Release|Any CPU
		{DEF34624-2A18-4B2D-90EC-AF036EE941A2}.Release|Any CPU.Build.0 = Release|Any CPU
		{BC055FEE-CB67-4CA6-B0C7-C9A6696502A6}.Debug|Any CPU.ActiveCfg = Debug|Any CPU
		{BC055FEE-CB67-4CA6-B0C7-C9A6696502A6}.Debug|Any CPU.Build.0 = Debug|Any CPU
		{BC055FEE-CB67-4CA6-B0C7-C9A6696502A6}.Release|Any CPU.ActiveCfg = Release|Any CPU
		{BC055FEE-CB67-4CA6-B0C7-C9A6696502A6}.Release|Any CPU.Build.0 = Release|Any CPU
		{2901D12C-3B21-4CEE-B3FF-4540CF3C9046}.Debug|Any CPU.ActiveCfg = Debug|Any CPU
		{2901D12C-3B21-4CEE-B3FF-4540CF3C9046}.Debug|Any CPU.Build.0 = Debug|Any CPU
		{2901D12C-3B21-4CEE-B3FF-4540CF3C9046}.Release|Any CPU.ActiveCfg = Release|Any CPU
		{2901D12C-3B21-4CEE-B3FF-4540CF3C9046}.Release|Any CPU.Build.0 = Release|Any CPU
		{65E8F4DA-EC1B-4F37-A207-57E53B3B2193}.Debug|Any CPU.ActiveCfg = Debug|Any CPU
		{65E8F4DA-EC1B-4F37-A207-57E53B3B2193}.Debug|Any CPU.Build.0 = Debug|Any CPU
		{65E8F4DA-EC1B-4F37-A207-57E53B3B2193}.Release|Any CPU.ActiveCfg = Release|Any CPU
		{65E8F4DA-EC1B-4F37-A207-57E53B3B2193}.Release|Any CPU.Build.0 = Release|Any CPU
	EndGlobalSection
	GlobalSection(SolutionProperties) = preSolution
		HideSolutionNode = FALSE
	EndGlobalSection
	GlobalSection(ExtensibilityGlobals) = postSolution
		SolutionGuid = {0C433BFD-94A9-48E3-81BE-2C8A9EAFEC3D}
	EndGlobalSection
EndGlobal
