
Microsoft Visual Studio Solution File, Format Version 12.00
# Visual Studio Version 17
VisualStudioVersion = 17.3.32825.248
MinimumVisualStudioVersion = 10.0.40219.1
Project("{FAE04EC0-301F-11D3-BF4B-00C04F79EFBC}") = "01. Fibonacci", "01. Fibonacci\01. Fibonacci.csproj", "{730953BF-34AA-4523-A3A1-A5172461E865}"
EndProject
Global
	GlobalSection(SolutionConfigurationPlatforms) = preSolution
		Debug|Any CPU = Debug|Any CPU
		Release|Any CPU = Release|Any CPU
	EndGlobalSection
	GlobalSection(ProjectConfigurationPlatforms) = postSolution
		{730953BF-34AA-4523-A3A1-A5172461E865}.Debug|Any CPU.ActiveCfg = Debug|Any CPU
		{730953BF-34AA-4523-A3A1-A5172461E865}.Debug|Any CPU.Build.0 = Debug|Any CPU
		{730953BF-34AA-4523-A3A1-A5172461E865}.Release|Any CPU.ActiveCfg = Release|Any CPU
		{730953BF-34AA-4523-A3A1-A5172461E865}.Release|Any CPU.Build.0 = Release|Any CPU
	EndGlobalSection
	GlobalSection(SolutionProperties) = preSolution
		HideSolutionNode = FALSE
	EndGlobalSection
	GlobalSection(ExtensibilityGlobals) = postSolution
		SolutionGuid = {ABC6879F-3DB3-4170-A9BA-179782EB9FAA}
	EndGlobalSection
EndGlobal
