
Microsoft Visual Studio Solution File, Format Version 12.00
# Visual Studio Version 17
VisualStudioVersion = 17.3.32825.248
MinimumVisualStudioVersion = 10.0.40219.1
Project("{FAE04EC0-301F-11D3-BF4B-00C04F79EFBC}") = "Problem 1.0", "Problem 1.0\Problem 1.0.csproj", "{3F253611-EAEE-4922-9A95-524273FB2658}"
EndProject
Global
	GlobalSection(SolutionConfigurationPlatforms) = preSolution
		Debug|Any CPU = Debug|Any CPU
		Release|Any CPU = Release|Any CPU
	EndGlobalSection
	GlobalSection(ProjectConfigurationPlatforms) = postSolution
		{3F253611-EAEE-4922-9A95-524273FB2658}.Debug|Any CPU.ActiveCfg = Debug|Any CPU
		{3F253611-EAEE-4922-9A95-524273FB2658}.Debug|Any CPU.Build.0 = Debug|Any CPU
		{3F253611-EAEE-4922-9A95-524273FB2658}.Release|Any CPU.ActiveCfg = Release|Any CPU
		{3F253611-EAEE-4922-9A95-524273FB2658}.Release|Any CPU.Build.0 = Release|Any CPU
	EndGlobalSection
	GlobalSection(SolutionProperties) = preSolution
		HideSolutionNode = FALSE
	EndGlobalSection
	GlobalSection(ExtensibilityGlobals) = postSolution
		SolutionGuid = {D4F12555-705A-4BCE-9198-B47412FF96A2}
	EndGlobalSection
EndGlobal
